
Microsoft Visual Studio Solution File, Format Version 12.00
# Visual Studio Version 17
VisualStudioVersion = 17.1.32210.238
MinimumVisualStudioVersion = 10.0.40219.1
Project("{888888A0-9F3D-457C-B088-3A5042F75D52}") = "labaN", "labaN\labaN.pyproj", "{0CEDDA1C-7CC4-4388-88BB-B11DF45E8534}"
EndProject
Global
	GlobalSection(SolutionConfigurationPlatforms) = preSolution
		Debug|Any CPU = Debug|Any CPU
		Release|Any CPU = Release|Any CPU
	EndGlobalSection
	GlobalSection(ProjectConfigurationPlatforms) = postSolution
		{0CEDDA1C-7CC4-4388-88BB-B11DF45E8534}.Debug|Any CPU.ActiveCfg = Debug|Any CPU
		{0CEDDA1C-7CC4-4388-88BB-B11DF45E8534}.Release|Any CPU.ActiveCfg = Release|Any CPU
	EndGlobalSection
	GlobalSection(SolutionProperties) = preSolution
		HideSolutionNode = FALSE
	EndGlobalSection
	GlobalSection(ExtensibilityGlobals) = postSolution
		SolutionGuid = {B3072A23-A695-40F8-8068-C677FB84B560}
	EndGlobalSection
EndGlobal
